{
  "name": "warframe-knowledge-core",
  "version": "0.1.0",
  "lockfileVersion": 3,
  "requires": true,
  "packages": {
    "": {
      "name": "warframe-knowledge-core",
      "version": "0.1.0",
      "license": "MIT",
      "dependencies": {
        "pinyin-pro": "^3.28.1",
        "warframe-items": "1.1269.87"
      },
      "engines": {
        "node": ">=20"
      }
    },
    "node_modules/pinyin-pro": {
      "version": "3.28.1",
      "resolved": "https://registry.npmjs.org/pinyin-pro/-/pinyin-pro-3.28.1.tgz",
      "integrity": "sha512-oqz8ulwRgtUXRi0vbqEfGNly19zpyCxYrjhkk5TibGcgSW6eNwS5woajCXRwqURi8Ehc2yOFTiB4uNoZ+NJOnA==",
      "license": "MIT"
    },
    "node_modules/warframe-items": {
      "version": "1.1269.87",
      "resolved": "https://registry.npmjs.org/warframe-items/-/warframe-items-1.1269.87.tgz",
      "integrity": "sha512-FBHlgLGWxgVFJY2SgGC6afj6xzi6apl+kXm3NLbSg5knYRKpmYqSX6/uv3O3mJniIwMoBajJ9TW7NCEVkxQmXQ==",
      "license": "MIT",
      "peerDependencies": {
        "warframe-worldstate-data": "^2.24"
      }
    },
    "node_modules/warframe-worldstate-data": {
      "version": "2.25.0",
      "resolved": "https://registry.npmjs.org/warframe-worldstate-data/-/warframe-worldstate-data-2.25.0.tgz",
      "integrity": "sha512-orgH0ZTrGeZaU300VqUdMETpAARrePDmBIQlrsmch10cmOyPL/tykFO44JacMYYC2xSoyz+n7irFwx5pTyWA1w==",
      "license": "MIT",
      "peer": true,
      "engines": {
        "node": ">=18.19.0"
      }
    }
  }
}
